
Microsoft Visual Studio Solution File, Format Version 12.00
# Visual Studio Version 16
VisualStudioVersion = 16.0.30503.244
MinimumVisualStudioVersion = 10.0.40219.1
Project("{FAE04EC0-301F-11D3-BF4B-00C04F79EFBC}") = "Evaluator", "Evaluator\Evaluator.csproj", "{79CC430C-82D0-424F-9224-4347B45E3F17}"
EndProject
Global
	GlobalSection(SolutionConfigurationPlatforms) = preSolution
		Debug|Any CPU = Debug|Any CPU
		Release|Any CPU = Release|Any CPU
	EndGlobalSection
	GlobalSection(ProjectConfigurationPlatforms) = postSolution
		{79CC430C-82D0-424F-9224-4347B45E3F17}.Debug|Any CPU.ActiveCfg = Debug|Any CPU
		{79CC430C-82D0-424F-9224-4347B45E3F17}.Debug|Any CPU.Build.0 = Debug|Any CPU
		{79CC430C-82D0-424F-9224-4347B45E3F17}.Release|Any CPU.ActiveCfg = Release|Any CPU
		{79CC430C-82D0-424F-9224-4347B45E3F17}.Release|Any CPU.Build.0 = Release|Any CPU
	EndGlobalSection
	GlobalSection(SolutionProperties) = preSolution
		HideSolutionNode = FALSE
	EndGlobalSection
	GlobalSection(ExtensibilityGlobals) = postSolution
		SolutionGuid = {C943E23A-13D7-4313-8740-4F8DFE35F6A4}
	EndGlobalSection
EndGlobal
